
Microsoft Visual Studio Solution File, Format Version 12.00
# Visual Studio 15
VisualStudioVersion = 15.0.28307.960
MinimumVisualStudioVersion = 10.0.40219.1
Project("{FAE04EC0-301F-11D3-BF4B-00C04F79EFBC}") = "OnlineStoreA", "OnlineStoreA\OnlineStoreA.csproj", "{A69CF0C6-366F-40F9-83D4-CA8F80A51B4A}"
EndProject
Project("{FAE04EC0-301F-11D3-BF4B-00C04F79EFBC}") = "OnlineStoreA.Tests", "OnlineStoreA.Tests\OnlineStoreA.Tests.csproj", "{78B80B13-E055-4971-B957-2D6EBC4FE978}"
EndProject
Global
	GlobalSection(SolutionConfigurationPlatforms) = preSolution
		Debug|Any CPU = Debug|Any CPU
		Release|Any CPU = Release|Any CPU
	EndGlobalSection
	GlobalSection(ProjectConfigurationPlatforms) = postSolution
		{A69CF0C6-366F-40F9-83D4-CA8F80A51B4A}.Debug|Any CPU.ActiveCfg = Debug|Any CPU
		{A69CF0C6-366F-40F9-83D4-CA8F80A51B4A}.Debug|Any CPU.Build.0 = Debug|Any CPU
		{A69CF0C6-366F-40F9-83D4-CA8F80A51B4A}.Release|Any CPU.ActiveCfg = Release|Any CPU
		{A69CF0C6-366F-40F9-83D4-CA8F80A51B4A}.Release|Any CPU.Build.0 = Release|Any CPU
		{78B80B13-E055-4971-B957-2D6EBC4FE978}.Debug|Any CPU.ActiveCfg = Debug|Any CPU
		{78B80B13-E055-4971-B957-2D6EBC4FE978}.Debug|Any CPU.Build.0 = Debug|Any CPU
		{78B80B13-E055-4971-B957-2D6EBC4FE978}.Release|Any CPU.ActiveCfg = Release|Any CPU
		{78B80B13-E055-4971-B957-2D6EBC4FE978}.Release|Any CPU.Build.0 = Release|Any CPU
	EndGlobalSection
	GlobalSection(SolutionProperties) = preSolution
		HideSolutionNode = FALSE
	EndGlobalSection
	GlobalSection(ExtensibilityGlobals) = postSolution
		SolutionGuid = {8C45A33B-F185-46EE-96D6-19422F9B8AF6}
	EndGlobalSection
EndGlobal
